
Microsoft Visual Studio Solution File, Format Version 12.00
# Visual Studio Version 16
VisualStudioVersion = 16.0.29911.84
MinimumVisualStudioVersion = 10.0.40219.1
Project("{8BC9CEB8-8B4A-11D0-8D11-00A0C91BC942}") = "P02", "P02\P02.vcxproj", "{52EC64AC-B846-49B0-9227-BFAB7A8A23F3}"
EndProject
Project("{8BC9CEB8-8B4A-11D0-8D11-00A0C91BC942}") = "P01", "P01\P01.vcxproj", "{59DEDB83-68C0-4458-9FB1-E5EE8F09232E}"
EndProject
Project("{8BC9CEB8-8B4A-11D0-8D11-00A0C91BC942}") = "P03", "P03\P03.vcxproj", "{45625DF9-4927-440D-B720-D4118AADBFBF}"
EndProject
Project("{8BC9CEB8-8B4A-11D0-8D11-00A0C91BC942}") = "P04", "P04\P04.vcxproj", "{1970C365-D7D4-40B7-B454-F74C19DB6D0C}"
EndProject
Project("{8BC9CEB8-8B4A-11D0-8D11-00A0C91BC942}") = "P05", "P05\P05.vcxproj", "{8B8F6265-6797-40B0-92F0-ABAD439E92ED}"
EndProject
Project("{8BC9CEB8-8B4A-11D0-8D11-00A0C91BC942}") = "P06", "P06\P06.vcxproj", "{B910AA81-E1F7-48F3-974D-32E937FADEEB}"
EndProject
Project("{8BC9CEB8-8B4A-11D0-8D11-00A0C91BC942}") = "P07", "P07\P07.vcxproj", "{FD37C6FA-6EF0-4CB2-87B3-F94ED9A45142}"
EndProject
Global
	GlobalSection(SolutionConfigurationPlatforms) = preSolution
		Debug|x64 = Debug|x64
		Debug|x86 = Debug|x86
		Release|x64 = Release|x64
		Release|x86 = Release|x86
	EndGlobalSection
	GlobalSection(ProjectConfigurationPlatforms) = postSolution
		{52EC64AC-B846-49B0-9227-BFAB7A8A23F3}.Debug|x64.ActiveCfg = Debug|x64
		{52EC64AC-B846-49B0-9227-BFAB7A8A23F3}.Debug|x64.Build.0 = Debug|x64
		{52EC64AC-B846-49B0-9227-BFAB7A8A23F3}.Debug|x86.ActiveCfg = Debug|Win32
		{52EC64AC-B846-49B0-9227-BFAB7A8A23F3}.Debug|x86.Build.0 = Debug|Win32
		{52EC64AC-B846-49B0-9227-BFAB7A8A23F3}.Release|x64.ActiveCfg = Release|x64
		{52EC64AC-B846-49B0-9227-BFAB7A8A23F3}.Release|x64.Build.0 = Release|x64
		{52EC64AC-B846-49B0-9227-BFAB7A8A23F3}.Release|x86.ActiveCfg = Release|Win32
		{52EC64AC-B846-49B0-9227-BFAB7A8A23F3}.Release|x86.Build.0 = Release|Win32
		{59DEDB83-68C0-4458-9FB1-E5EE8F09232E}.Debug|x64.ActiveCfg = Debug|x64
		{59DEDB83-68C0-4458-9FB1-E5EE8F09232E}.Debug|x64.Build.0 = Debug|x64
		{59DEDB83-68C0-4458-9FB1-E5EE8F09232E}.Debug|x86.ActiveCfg = Debug|Win32
		{59DEDB83-68C0-4458-9FB1-E5EE8F09232E}.Debug|x86.Build.0 = Debug|Win32
		{59DEDB83-68C0-4458-9FB1-E5EE8F09232E}.Release|x64.ActiveCfg = Release|x64
		{59DEDB83-68C0-4458-9FB1-E5EE8F09232E}.Release|x64.Build.0 = Release|x64
		{59DEDB83-68C0-4458-9FB1-E5EE8F09232E}.Release|x86.ActiveCfg = Release|Win32
		{59DEDB83-68C0-4458-9FB1-E5EE8F09232E}.Release|x86.Build.0 = Release|Win32
		{45625DF9-4927-440D-B720-D4118AADBFBF}.Debug|x64.ActiveCfg = Debug|x64
		{45625DF9-4927-440D-B720-D4118AADBFBF}.Debug|x64.Build.0 = Debug|x64
		{45625DF9-4927-440D-B720-D4118AADBFBF}.Debug|x86.ActiveCfg = Debug|Win32
		{45625DF9-4927-440D-B720-D4118AADBFBF}.Debug|x86.Build.0 = Debug|Win32
		{45625DF9-4927-440D-B720-D4118AADBFBF}.Release|x64.ActiveCfg = Release|x64
		{45625DF9-4927-440D-B720-D4118AADBFBF}.Release|x64.Build.0 = Release|x64
		{45625DF9-4927-440D-B720-D4118AADBFBF}.Release|x86.ActiveCfg = Release|Win32
		{45625DF9-4927-440D-B720-D4118AADBFBF}.Release|x86.Build.0 = Release|Win32
		{1970C365-D7D4-40B7-B454-F74C19DB6D0C}.Debug|x64.ActiveCfg = Debug|x64
		{1970C365-D7D4-40B7-B454-F74C19DB6D0C}.Debug|x64.Build.0 = Debug|x64
		{1970C365-D7D4-40B7-B454-F74C19DB6D0C}.Debug|x86.ActiveCfg = Debug|Win32
		{1970C365-D7D4-40B7-B454-F74C19DB6D0C}.Debug|x86.Build.0 = Debug|Win32
		{1970C365-D7D4-40B7-B454-F74C19DB6D0C}.Release|x64.ActiveCfg = Release|x64
		{1970C365-D7D4-40B7-B454-F74C19DB6D0C}.Release|x64.Build.0 = Release|x64
		{1970C365-D7D4-40B7-B454-F74C19DB6D0C}.Release|x86.ActiveCfg = Release|Win32
		{1970C365-D7D4-40B7-B454-F74C19DB6D0C}.Release|x86.Build.0 = Release|Win32
		{8B8F6265-6797-40B0-92F0-ABAD439E92ED}.Debug|x64.ActiveCfg = Debug|x64
		{8B8F6265-6797-40B0-92F0-ABAD439E92ED}.Debug|x64.Build.0 = Debug|x64
		{8B8F6265-6797-40B0-92F0-ABAD439E92ED}.Debug|x86.ActiveCfg = Debug|Win32
		{8B8F6265-6797-40B0-92F0-ABAD439E92ED}.Debug|x86.Build.0 = Debug|Win32
		{8B8F6265-6797-40B0-92F0-ABAD439E92ED}.Release|x64.ActiveCfg = Release|x64
		{8B8F6265-6797-40B0-92F0-ABAD439E92ED}.Release|x64.Build.0 = Release|x64
		{8B8F6265-6797-40B0-92F0-ABAD439E92ED}.Release|x86.ActiveCfg = Release|Win32
		{8B8F6265-6797-40B0-92F0-ABAD439E92ED}.Release|x86.Build.0 = Release|Win32
		{B910AA81-E1F7-48F3-974D-32E937FADEEB}.Debug|x64.ActiveCfg = Debug|x64
		{B910AA81-E1F7-48F3-974D-32E937FADEEB}.Debug|x64.Build.0 = Debug|x64
		{B910AA81-E1F7-48F3-974D-32E937FADEEB}.Debug|x86.ActiveCfg = Debug|Win32
		{B910AA81-E1F7-48F3-974D-32E937FADEEB}.Debug|x86.Build.0 = Debug|Win32
		{B910AA81-E1F7-48F3-974D-32E937FADEEB}.Release|x64.ActiveCfg = Release|x64
		{B910AA81-E1F7-48F3-974D-32E937FADEEB}.Release|x64.Build.0 = Release|x64
		{B910AA81-E1F7-48F3-974D-32E937FADEEB}.Release|x86.ActiveCfg = Release|Win32
		{B910AA81-E1F7-48F3-974D-32E937FADEEB}.Release|x86.Build.0 = Release|Win32
		{FD37C6FA-6EF0-4CB2-87B3-F94ED9A45142}.Debug|x64.ActiveCfg = Debug|x64
		{FD37C6FA-6EF0-4CB2-87B3-F94ED9A45142}.Debug|x64.Build.0 = Debug|x64
		{FD37C6FA-6EF0-4CB2-87B3-F94ED9A45142}.Debug|x86.ActiveCfg = Debug|Win32
		{FD37C6FA-6EF0-4CB2-87B3-F94ED9A45142}.Debug|x86.Build.0 = Debug|Win32
		{FD37C6FA-6EF0-4CB2-87B3-F94ED9A45142}.Release|x64.ActiveCfg = Release|x64
		{FD37C6FA-6EF0-4CB2-87B3-F94ED9A45142}.Release|x64.Build.0 = Release|x64
		{FD37C6FA-6EF0-4CB2-87B3-F94ED9A45142}.Release|x86.ActiveCfg = Release|Win32
		{FD37C6FA-6EF0-4CB2-87B3-F94ED9A45142}.Release|x86.Build.0 = Release|Win32
	EndGlobalSection
	GlobalSection(SolutionProperties) = preSolution
		HideSolutionNode = FALSE
	EndGlobalSection
	GlobalSection(ExtensibilityGlobals) = postSolution
		SolutionGuid = {0D45D66C-79E5-4130-8C3F-065CBB0C42BD}
	EndGlobalSection
EndGlobal
