
Microsoft Visual Studio Solution File, Format Version 12.00
# Visual Studio Version 16
VisualStudioVersion = 16.0.29519.181
MinimumVisualStudioVersion = 10.0.40219.1
Project("{8BC9CEB8-8B4A-11D0-8D11-00A0C91BC942}") = "19127102_W10", "19127102_W10\19127102_W10.vcxproj", "{5505E612-2636-4FA5-81E7-2BB92C7E1032}"
EndProject
Global
	GlobalSection(SolutionConfigurationPlatforms) = preSolution
		Debug|x64 = Debug|x64
		Debug|x86 = Debug|x86
		Release|x64 = Release|x64
		Release|x86 = Release|x86
	EndGlobalSection
	GlobalSection(ProjectConfigurationPlatforms) = postSolution
		{5505E612-2636-4FA5-81E7-2BB92C7E1032}.Debug|x64.ActiveCfg = Debug|x64
		{5505E612-2636-4FA5-81E7-2BB92C7E1032}.Debug|x64.Build.0 = Debug|x64
		{5505E612-2636-4FA5-81E7-2BB92C7E1032}.Debug|x86.ActiveCfg = Debug|Win32
		{5505E612-2636-4FA5-81E7-2BB92C7E1032}.Debug|x86.Build.0 = Debug|Win32
		{5505E612-2636-4FA5-81E7-2BB92C7E1032}.Release|x64.ActiveCfg = Release|x64
		{5505E612-2636-4FA5-81E7-2BB92C7E1032}.Release|x64.Build.0 = Release|x64
		{5505E612-2636-4FA5-81E7-2BB92C7E1032}.Release|x86.ActiveCfg = Release|Win32
		{5505E612-2636-4FA5-81E7-2BB92C7E1032}.Release|x86.Build.0 = Release|Win32
	EndGlobalSection
	GlobalSection(SolutionProperties) = preSolution
		HideSolutionNode = FALSE
	EndGlobalSection
	GlobalSection(ExtensibilityGlobals) = postSolution
		SolutionGuid = {16DAC44A-3475-4765-9350-92CD7B358C65}
	EndGlobalSection
EndGlobal
