
Microsoft Visual Studio Solution File, Format Version 12.00
# Visual Studio Version 16
VisualStudioVersion = 16.0.31019.35
MinimumVisualStudioVersion = 10.0.40219.1
Project("{8BC9CEB8-8B4A-11D0-8D11-00A0C91BC942}") = "P01", "P01\P01.vcxproj", "{94E59055-EC37-499F-ACFB-B1727956C037}"
EndProject
Project("{8BC9CEB8-8B4A-11D0-8D11-00A0C91BC942}") = "P02", "P02\P02.vcxproj", "{41B640F8-6C03-4D76-B504-721DC6ADEF27}"
EndProject
Project("{8BC9CEB8-8B4A-11D0-8D11-00A0C91BC942}") = "P03", "P03\P03.vcxproj", "{9839E3E6-EE5F-4384-B02E-0D3C086871B5}"
EndProject
Global
	GlobalSection(SolutionConfigurationPlatforms) = preSolution
		Debug|x64 = Debug|x64
		Debug|x86 = Debug|x86
		Release|x64 = Release|x64
		Release|x86 = Release|x86
	EndGlobalSection
	GlobalSection(ProjectConfigurationPlatforms) = postSolution
		{94E59055-EC37-499F-ACFB-B1727956C037}.Debug|x64.ActiveCfg = Debug|x64
		{94E59055-EC37-499F-ACFB-B1727956C037}.Debug|x64.Build.0 = Debug|x64
		{94E59055-EC37-499F-ACFB-B1727956C037}.Debug|x86.ActiveCfg = Debug|Win32
		{94E59055-EC37-499F-ACFB-B1727956C037}.Debug|x86.Build.0 = Debug|Win32
		{94E59055-EC37-499F-ACFB-B1727956C037}.Release|x64.ActiveCfg = Release|x64
		{94E59055-EC37-499F-ACFB-B1727956C037}.Release|x64.Build.0 = Release|x64
		{94E59055-EC37-499F-ACFB-B1727956C037}.Release|x86.ActiveCfg = Release|Win32
		{94E59055-EC37-499F-ACFB-B1727956C037}.Release|x86.Build.0 = Release|Win32
		{41B640F8-6C03-4D76-B504-721DC6ADEF27}.Debug|x64.ActiveCfg = Debug|x64
		{41B640F8-6C03-4D76-B504-721DC6ADEF27}.Debug|x64.Build.0 = Debug|x64
		{41B640F8-6C03-4D76-B504-721DC6ADEF27}.Debug|x86.ActiveCfg = Debug|Win32
		{41B640F8-6C03-4D76-B504-721DC6ADEF27}.Debug|x86.Build.0 = Debug|Win32
		{41B640F8-6C03-4D76-B504-721DC6ADEF27}.Release|x64.ActiveCfg = Release|x64
		{41B640F8-6C03-4D76-B504-721DC6ADEF27}.Release|x64.Build.0 = Release|x64
		{41B640F8-6C03-4D76-B504-721DC6ADEF27}.Release|x86.ActiveCfg = Release|Win32
		{41B640F8-6C03-4D76-B504-721DC6ADEF27}.Release|x86.Build.0 = Release|Win32
		{9839E3E6-EE5F-4384-B02E-0D3C086871B5}.Debug|x64.ActiveCfg = Debug|x64
		{9839E3E6-EE5F-4384-B02E-0D3C086871B5}.Debug|x64.Build.0 = Debug|x64
		{9839E3E6-EE5F-4384-B02E-0D3C086871B5}.Debug|x86.ActiveCfg = Debug|Win32
		{9839E3E6-EE5F-4384-B02E-0D3C086871B5}.Debug|x86.Build.0 = Debug|Win32
		{9839E3E6-EE5F-4384-B02E-0D3C086871B5}.Release|x64.ActiveCfg = Release|x64
		{9839E3E6-EE5F-4384-B02E-0D3C086871B5}.Release|x64.Build.0 = Release|x64
		{9839E3E6-EE5F-4384-B02E-0D3C086871B5}.Release|x86.ActiveCfg = Release|Win32
		{9839E3E6-EE5F-4384-B02E-0D3C086871B5}.Release|x86.Build.0 = Release|Win32
	EndGlobalSection
	GlobalSection(SolutionProperties) = preSolution
		HideSolutionNode = FALSE
	EndGlobalSection
	GlobalSection(ExtensibilityGlobals) = postSolution
		SolutionGuid = {2A58E156-C4E3-41BA-9A38-4016C2C056A0}
	EndGlobalSection
EndGlobal
