
Microsoft Visual Studio Solution File, Format Version 12.00
# Visual Studio Version 16
VisualStudioVersion = 16.0.29911.84
MinimumVisualStudioVersion = 10.0.40219.1
Project("{8BC9CEB8-8B4A-11D0-8D11-00A0C91BC942}") = "P01", "P01\P01.vcxproj", "{B6C1BC77-86CB-4DFA-8E80-B64A04968C15}"
EndProject
Project("{8BC9CEB8-8B4A-11D0-8D11-00A0C91BC942}") = "P02", "P02\P02.vcxproj", "{F0CBFA0C-5E22-4BC6-BE96-8CC4E48C3C11}"
EndProject
Global
	GlobalSection(SolutionConfigurationPlatforms) = preSolution
		Debug|x64 = Debug|x64
		Debug|x86 = Debug|x86
		Release|x64 = Release|x64
		Release|x86 = Release|x86
	EndGlobalSection
	GlobalSection(ProjectConfigurationPlatforms) = postSolution
		{B6C1BC77-86CB-4DFA-8E80-B64A04968C15}.Debug|x64.ActiveCfg = Debug|x64
		{B6C1BC77-86CB-4DFA-8E80-B64A04968C15}.Debug|x64.Build.0 = Debug|x64
		{B6C1BC77-86CB-4DFA-8E80-B64A04968C15}.Debug|x86.ActiveCfg = Debug|Win32
		{B6C1BC77-86CB-4DFA-8E80-B64A04968C15}.Debug|x86.Build.0 = Debug|Win32
		{B6C1BC77-86CB-4DFA-8E80-B64A04968C15}.Release|x64.ActiveCfg = Release|x64
		{B6C1BC77-86CB-4DFA-8E80-B64A04968C15}.Release|x64.Build.0 = Release|x64
		{B6C1BC77-86CB-4DFA-8E80-B64A04968C15}.Release|x86.ActiveCfg = Release|Win32
		{B6C1BC77-86CB-4DFA-8E80-B64A04968C15}.Release|x86.Build.0 = Release|Win32
		{F0CBFA0C-5E22-4BC6-BE96-8CC4E48C3C11}.Debug|x64.ActiveCfg = Debug|x64
		{F0CBFA0C-5E22-4BC6-BE96-8CC4E48C3C11}.Debug|x64.Build.0 = Debug|x64
		{F0CBFA0C-5E22-4BC6-BE96-8CC4E48C3C11}.Debug|x86.ActiveCfg = Debug|Win32
		{F0CBFA0C-5E22-4BC6-BE96-8CC4E48C3C11}.Debug|x86.Build.0 = Debug|Win32
		{F0CBFA0C-5E22-4BC6-BE96-8CC4E48C3C11}.Release|x64.ActiveCfg = Release|x64
		{F0CBFA0C-5E22-4BC6-BE96-8CC4E48C3C11}.Release|x64.Build.0 = Release|x64
		{F0CBFA0C-5E22-4BC6-BE96-8CC4E48C3C11}.Release|x86.ActiveCfg = Release|Win32
		{F0CBFA0C-5E22-4BC6-BE96-8CC4E48C3C11}.Release|x86.Build.0 = Release|Win32
	EndGlobalSection
	GlobalSection(SolutionProperties) = preSolution
		HideSolutionNode = FALSE
	EndGlobalSection
	GlobalSection(ExtensibilityGlobals) = postSolution
		SolutionGuid = {F0266043-9306-4C7A-A0F9-CDEFCD21A66F}
	EndGlobalSection
EndGlobal
