
Microsoft Visual Studio Solution File, Format Version 12.00
# Visual Studio Version 16
VisualStudioVersion = 16.0.29911.84
MinimumVisualStudioVersion = 10.0.40219.1
Project("{8BC9CEB8-8B4A-11D0-8D11-00A0C91BC942}") = "P01", "P01\P01.vcxproj", "{7C197386-A842-4826-AFB5-808341F904EF}"
EndProject
Project("{8BC9CEB8-8B4A-11D0-8D11-00A0C91BC942}") = "P03", "P03\P03.vcxproj", "{7B7F8B2A-4A12-4C17-BF51-350FDD3C47C4}"
EndProject
Project("{8BC9CEB8-8B4A-11D0-8D11-00A0C91BC942}") = "P04", "P04\P04.vcxproj", "{A78F113D-2718-4E09-8F3B-A3F187EA2B0B}"
EndProject
Project("{8BC9CEB8-8B4A-11D0-8D11-00A0C91BC942}") = "P08", "P08\P08.vcxproj", "{2B2EAA5B-841E-463E-A415-1169A3942EEE}"
EndProject
Project("{8BC9CEB8-8B4A-11D0-8D11-00A0C91BC942}") = "P09", "P09\P09.vcxproj", "{1CE9E16B-7F91-444F-ACB2-622972FF0648}"
EndProject
Project("{8BC9CEB8-8B4A-11D0-8D11-00A0C91BC942}") = "P10", "P10\P10.vcxproj", "{5F372156-129B-4699-92B1-C682EE895291}"
EndProject
Project("{8BC9CEB8-8B4A-11D0-8D11-00A0C91BC942}") = "P11", "P11\P11.vcxproj", "{F1D65E06-ED99-46CB-8CEC-3E883E321DBC}"
EndProject
Global
	GlobalSection(SolutionConfigurationPlatforms) = preSolution
		Debug|x64 = Debug|x64
		Debug|x86 = Debug|x86
		Release|x64 = Release|x64
		Release|x86 = Release|x86
	EndGlobalSection
	GlobalSection(ProjectConfigurationPlatforms) = postSolution
		{7C197386-A842-4826-AFB5-808341F904EF}.Debug|x64.ActiveCfg = Debug|x64
		{7C197386-A842-4826-AFB5-808341F904EF}.Debug|x64.Build.0 = Debug|x64
		{7C197386-A842-4826-AFB5-808341F904EF}.Debug|x86.ActiveCfg = Debug|Win32
		{7C197386-A842-4826-AFB5-808341F904EF}.Debug|x86.Build.0 = Debug|Win32
		{7C197386-A842-4826-AFB5-808341F904EF}.Release|x64.ActiveCfg = Release|x64
		{7C197386-A842-4826-AFB5-808341F904EF}.Release|x64.Build.0 = Release|x64
		{7C197386-A842-4826-AFB5-808341F904EF}.Release|x86.ActiveCfg = Release|Win32
		{7C197386-A842-4826-AFB5-808341F904EF}.Release|x86.Build.0 = Release|Win32
		{7B7F8B2A-4A12-4C17-BF51-350FDD3C47C4}.Debug|x64.ActiveCfg = Debug|x64
		{7B7F8B2A-4A12-4C17-BF51-350FDD3C47C4}.Debug|x64.Build.0 = Debug|x64
		{7B7F8B2A-4A12-4C17-BF51-350FDD3C47C4}.Debug|x86.ActiveCfg = Debug|Win32
		{7B7F8B2A-4A12-4C17-BF51-350FDD3C47C4}.Debug|x86.Build.0 = Debug|Win32
		{7B7F8B2A-4A12-4C17-BF51-350FDD3C47C4}.Release|x64.ActiveCfg = Release|x64
		{7B7F8B2A-4A12-4C17-BF51-350FDD3C47C4}.Release|x64.Build.0 = Release|x64
		{7B7F8B2A-4A12-4C17-BF51-350FDD3C47C4}.Release|x86.ActiveCfg = Release|Win32
		{7B7F8B2A-4A12-4C17-BF51-350FDD3C47C4}.Release|x86.Build.0 = Release|Win32
		{A78F113D-2718-4E09-8F3B-A3F187EA2B0B}.Debug|x64.ActiveCfg = Debug|x64
		{A78F113D-2718-4E09-8F3B-A3F187EA2B0B}.Debug|x64.Build.0 = Debug|x64
		{A78F113D-2718-4E09-8F3B-A3F187EA2B0B}.Debug|x86.ActiveCfg = Debug|Win32
		{A78F113D-2718-4E09-8F3B-A3F187EA2B0B}.Debug|x86.Build.0 = Debug|Win32
		{A78F113D-2718-4E09-8F3B-A3F187EA2B0B}.Release|x64.ActiveCfg = Release|x64
		{A78F113D-2718-4E09-8F3B-A3F187EA2B0B}.Release|x64.Build.0 = Release|x64
		{A78F113D-2718-4E09-8F3B-A3F187EA2B0B}.Release|x86.ActiveCfg = Release|Win32
		{A78F113D-2718-4E09-8F3B-A3F187EA2B0B}.Release|x86.Build.0 = Release|Win32
		{2B2EAA5B-841E-463E-A415-1169A3942EEE}.Debug|x64.ActiveCfg = Debug|x64
		{2B2EAA5B-841E-463E-A415-1169A3942EEE}.Debug|x64.Build.0 = Debug|x64
		{2B2EAA5B-841E-463E-A415-1169A3942EEE}.Debug|x86.ActiveCfg = Debug|Win32
		{2B2EAA5B-841E-463E-A415-1169A3942EEE}.Debug|x86.Build.0 = Debug|Win32
		{2B2EAA5B-841E-463E-A415-1169A3942EEE}.Release|x64.ActiveCfg = Release|x64
		{2B2EAA5B-841E-463E-A415-1169A3942EEE}.Release|x64.Build.0 = Release|x64
		{2B2EAA5B-841E-463E-A415-1169A3942EEE}.Release|x86.ActiveCfg = Release|Win32
		{2B2EAA5B-841E-463E-A415-1169A3942EEE}.Release|x86.Build.0 = Release|Win32
		{1CE9E16B-7F91-444F-ACB2-622972FF0648}.Debug|x64.ActiveCfg = Debug|x64
		{1CE9E16B-7F91-444F-ACB2-622972FF0648}.Debug|x64.Build.0 = Debug|x64
		{1CE9E16B-7F91-444F-ACB2-622972FF0648}.Debug|x86.ActiveCfg = Debug|Win32
		{1CE9E16B-7F91-444F-ACB2-622972FF0648}.Debug|x86.Build.0 = Debug|Win32
		{1CE9E16B-7F91-444F-ACB2-622972FF0648}.Release|x64.ActiveCfg = Release|x64
		{1CE9E16B-7F91-444F-ACB2-622972FF0648}.Release|x64.Build.0 = Release|x64
		{1CE9E16B-7F91-444F-ACB2-622972FF0648}.Release|x86.ActiveCfg = Release|Win32
		{1CE9E16B-7F91-444F-ACB2-622972FF0648}.Release|x86.Build.0 = Release|Win32
		{5F372156-129B-4699-92B1-C682EE895291}.Debug|x64.ActiveCfg = Debug|x64
		{5F372156-129B-4699-92B1-C682EE895291}.Debug|x64.Build.0 = Debug|x64
		{5F372156-129B-4699-92B1-C682EE895291}.Debug|x86.ActiveCfg = Debug|Win32
		{5F372156-129B-4699-92B1-C682EE895291}.Debug|x86.Build.0 = Debug|Win32
		{5F372156-129B-4699-92B1-C682EE895291}.Release|x64.ActiveCfg = Release|x64
		{5F372156-129B-4699-92B1-C682EE895291}.Release|x64.Build.0 = Release|x64
		{5F372156-129B-4699-92B1-C682EE895291}.Release|x86.ActiveCfg = Release|Win32
		{5F372156-129B-4699-92B1-C682EE895291}.Release|x86.Build.0 = Release|Win32
		{F1D65E06-ED99-46CB-8CEC-3E883E321DBC}.Debug|x64.ActiveCfg = Debug|x64
		{F1D65E06-ED99-46CB-8CEC-3E883E321DBC}.Debug|x64.Build.0 = Debug|x64
		{F1D65E06-ED99-46CB-8CEC-3E883E321DBC}.Debug|x86.ActiveCfg = Debug|Win32
		{F1D65E06-ED99-46CB-8CEC-3E883E321DBC}.Debug|x86.Build.0 = Debug|Win32
		{F1D65E06-ED99-46CB-8CEC-3E883E321DBC}.Release|x64.ActiveCfg = Release|x64
		{F1D65E06-ED99-46CB-8CEC-3E883E321DBC}.Release|x64.Build.0 = Release|x64
		{F1D65E06-ED99-46CB-8CEC-3E883E321DBC}.Release|x86.ActiveCfg = Release|Win32
		{F1D65E06-ED99-46CB-8CEC-3E883E321DBC}.Release|x86.Build.0 = Release|Win32
	EndGlobalSection
	GlobalSection(SolutionProperties) = preSolution
		HideSolutionNode = FALSE
	EndGlobalSection
	GlobalSection(ExtensibilityGlobals) = postSolution
		SolutionGuid = {4C1667E3-14E3-44CD-914D-72AAB5528BCE}
	EndGlobalSection
EndGlobal
