
Microsoft Visual Studio Solution File, Format Version 12.00
# Visual Studio Version 16
VisualStudioVersion = 16.0.29519.181
MinimumVisualStudioVersion = 10.0.40219.1
Project("{8BC9CEB8-8B4A-11D0-8D11-00A0C91BC942}") = "19127102_W10", "19127102_W10\19127102_W10.vcxproj", "{F3D8F2C4-498B-4335-968D-85CDE29D16A3}"
EndProject
Global
	GlobalSection(SolutionConfigurationPlatforms) = preSolution
		Debug|x64 = Debug|x64
		Debug|x86 = Debug|x86
		Release|x64 = Release|x64
		Release|x86 = Release|x86
	EndGlobalSection
	GlobalSection(ProjectConfigurationPlatforms) = postSolution
		{F3D8F2C4-498B-4335-968D-85CDE29D16A3}.Debug|x64.ActiveCfg = Debug|x64
		{F3D8F2C4-498B-4335-968D-85CDE29D16A3}.Debug|x64.Build.0 = Debug|x64
		{F3D8F2C4-498B-4335-968D-85CDE29D16A3}.Debug|x86.ActiveCfg = Debug|Win32
		{F3D8F2C4-498B-4335-968D-85CDE29D16A3}.Debug|x86.Build.0 = Debug|Win32
		{F3D8F2C4-498B-4335-968D-85CDE29D16A3}.Release|x64.ActiveCfg = Release|x64
		{F3D8F2C4-498B-4335-968D-85CDE29D16A3}.Release|x64.Build.0 = Release|x64
		{F3D8F2C4-498B-4335-968D-85CDE29D16A3}.Release|x86.ActiveCfg = Release|Win32
		{F3D8F2C4-498B-4335-968D-85CDE29D16A3}.Release|x86.Build.0 = Release|Win32
	EndGlobalSection
	GlobalSection(SolutionProperties) = preSolution
		HideSolutionNode = FALSE
	EndGlobalSection
	GlobalSection(ExtensibilityGlobals) = postSolution
		SolutionGuid = {4F30CAFE-70D9-4B04-BD07-2EFACA80880C}
	EndGlobalSection
EndGlobal
