
Microsoft Visual Studio Solution File, Format Version 12.00
# Visual Studio Version 16
VisualStudioVersion = 16.0.29424.173
MinimumVisualStudioVersion = 10.0.40219.1
Project("{8BC9CEB8-8B4A-11D0-8D11-00A0C91BC942}") = "P02", "P02\P02.vcxproj", "{75AB9E92-0238-4BDE-9212-31E3661B5FAA}"
EndProject
Project("{8BC9CEB8-8B4A-11D0-8D11-00A0C91BC942}") = "P22", "P22\P22.vcxproj", "{79914E80-1256-423D-92E4-F29E20A058DC}"
EndProject
Project("{8BC9CEB8-8B4A-11D0-8D11-00A0C91BC942}") = "P06", "P06\P06.vcxproj", "{ADFB6CFB-0715-4BF7-AFCF-44775D51267B}"
EndProject
Project("{8BC9CEB8-8B4A-11D0-8D11-00A0C91BC942}") = "P14", "P14\P14.vcxproj", "{7CD2EBA8-2622-4829-AEAA-2AC7C0825A7A}"
EndProject
Project("{8BC9CEB8-8B4A-11D0-8D11-00A0C91BC942}") = "P18", "P18\P18.vcxproj", "{68C2D4C6-5E31-4A53-A31E-9B36DE6548A6}"
EndProject
Project("{8BC9CEB8-8B4A-11D0-8D11-00A0C91BC942}") = "P26", "P26\P26.vcxproj", "{1CC6FAD1-C3B2-47EC-8713-878FD4763E9F}"
EndProject
Project("{8BC9CEB8-8B4A-11D0-8D11-00A0C91BC942}") = "P30", "P30\P30.vcxproj", "{8AA902FB-080A-4671-B731-760DB730DB5C}"
EndProject
Project("{8BC9CEB8-8B4A-11D0-8D11-00A0C91BC942}") = "P34", "P34\P34.vcxproj", "{ECB64B74-BE17-4A4E-92F4-F87E9088D45C}"
EndProject
Project("{8BC9CEB8-8B4A-11D0-8D11-00A0C91BC942}") = "P10", "P10\P10.vcxproj", "{94CFBBAA-C5CC-4154-B2D3-49FDC0794D3D}"
EndProject
Project("{8BC9CEB8-8B4A-11D0-8D11-00A0C91BC942}") = "P38", "P38\P38.vcxproj", "{56C1933C-5660-4E2B-AC8E-A9D395987973}"
EndProject
Global
	GlobalSection(SolutionConfigurationPlatforms) = preSolution
		Debug|x64 = Debug|x64
		Debug|x86 = Debug|x86
		Release|x64 = Release|x64
		Release|x86 = Release|x86
	EndGlobalSection
	GlobalSection(ProjectConfigurationPlatforms) = postSolution
		{75AB9E92-0238-4BDE-9212-31E3661B5FAA}.Debug|x64.ActiveCfg = Debug|x64
		{75AB9E92-0238-4BDE-9212-31E3661B5FAA}.Debug|x64.Build.0 = Debug|x64
		{75AB9E92-0238-4BDE-9212-31E3661B5FAA}.Debug|x86.ActiveCfg = Debug|Win32
		{75AB9E92-0238-4BDE-9212-31E3661B5FAA}.Debug|x86.Build.0 = Debug|Win32
		{75AB9E92-0238-4BDE-9212-31E3661B5FAA}.Release|x64.ActiveCfg = Release|x64
		{75AB9E92-0238-4BDE-9212-31E3661B5FAA}.Release|x64.Build.0 = Release|x64
		{75AB9E92-0238-4BDE-9212-31E3661B5FAA}.Release|x86.ActiveCfg = Release|Win32
		{75AB9E92-0238-4BDE-9212-31E3661B5FAA}.Release|x86.Build.0 = Release|Win32
		{79914E80-1256-423D-92E4-F29E20A058DC}.Debug|x64.ActiveCfg = Debug|x64
		{79914E80-1256-423D-92E4-F29E20A058DC}.Debug|x64.Build.0 = Debug|x64
		{79914E80-1256-423D-92E4-F29E20A058DC}.Debug|x86.ActiveCfg = Debug|Win32
		{79914E80-1256-423D-92E4-F29E20A058DC}.Debug|x86.Build.0 = Debug|Win32
		{79914E80-1256-423D-92E4-F29E20A058DC}.Release|x64.ActiveCfg = Release|x64
		{79914E80-1256-423D-92E4-F29E20A058DC}.Release|x64.Build.0 = Release|x64
		{79914E80-1256-423D-92E4-F29E20A058DC}.Release|x86.ActiveCfg = Release|Win32
		{79914E80-1256-423D-92E4-F29E20A058DC}.Release|x86.Build.0 = Release|Win32
		{ADFB6CFB-0715-4BF7-AFCF-44775D51267B}.Debug|x64.ActiveCfg = Debug|x64
		{ADFB6CFB-0715-4BF7-AFCF-44775D51267B}.Debug|x64.Build.0 = Debug|x64
		{ADFB6CFB-0715-4BF7-AFCF-44775D51267B}.Debug|x86.ActiveCfg = Debug|Win32
		{ADFB6CFB-0715-4BF7-AFCF-44775D51267B}.Debug|x86.Build.0 = Debug|Win32
		{ADFB6CFB-0715-4BF7-AFCF-44775D51267B}.Release|x64.ActiveCfg = Release|x64
		{ADFB6CFB-0715-4BF7-AFCF-44775D51267B}.Release|x64.Build.0 = Release|x64
		{ADFB6CFB-0715-4BF7-AFCF-44775D51267B}.Release|x86.ActiveCfg = Release|Win32
		{ADFB6CFB-0715-4BF7-AFCF-44775D51267B}.Release|x86.Build.0 = Release|Win32
		{7CD2EBA8-2622-4829-AEAA-2AC7C0825A7A}.Debug|x64.ActiveCfg = Debug|x64
		{7CD2EBA8-2622-4829-AEAA-2AC7C0825A7A}.Debug|x64.Build.0 = Debug|x64
		{7CD2EBA8-2622-4829-AEAA-2AC7C0825A7A}.Debug|x86.ActiveCfg = Debug|Win32
		{7CD2EBA8-2622-4829-AEAA-2AC7C0825A7A}.Debug|x86.Build.0 = Debug|Win32
		{7CD2EBA8-2622-4829-AEAA-2AC7C0825A7A}.Release|x64.ActiveCfg = Release|x64
		{7CD2EBA8-2622-4829-AEAA-2AC7C0825A7A}.Release|x64.Build.0 = Release|x64
		{7CD2EBA8-2622-4829-AEAA-2AC7C0825A7A}.Release|x86.ActiveCfg = Release|Win32
		{7CD2EBA8-2622-4829-AEAA-2AC7C0825A7A}.Release|x86.Build.0 = Release|Win32
		{68C2D4C6-5E31-4A53-A31E-9B36DE6548A6}.Debug|x64.ActiveCfg = Debug|x64
		{68C2D4C6-5E31-4A53-A31E-9B36DE6548A6}.Debug|x64.Build.0 = Debug|x64
		{68C2D4C6-5E31-4A53-A31E-9B36DE6548A6}.Debug|x86.ActiveCfg = Debug|Win32
		{68C2D4C6-5E31-4A53-A31E-9B36DE6548A6}.Debug|x86.Build.0 = Debug|Win32
		{68C2D4C6-5E31-4A53-A31E-9B36DE6548A6}.Release|x64.ActiveCfg = Release|x64
		{68C2D4C6-5E31-4A53-A31E-9B36DE6548A6}.Release|x64.Build.0 = Release|x64
		{68C2D4C6-5E31-4A53-A31E-9B36DE6548A6}.Release|x86.ActiveCfg = Release|Win32
		{68C2D4C6-5E31-4A53-A31E-9B36DE6548A6}.Release|x86.Build.0 = Release|Win32
		{1CC6FAD1-C3B2-47EC-8713-878FD4763E9F}.Debug|x64.ActiveCfg = Debug|x64
		{1CC6FAD1-C3B2-47EC-8713-878FD4763E9F}.Debug|x64.Build.0 = Debug|x64
		{1CC6FAD1-C3B2-47EC-8713-878FD4763E9F}.Debug|x86.ActiveCfg = Debug|Win32
		{1CC6FAD1-C3B2-47EC-8713-878FD4763E9F}.Debug|x86.Build.0 = Debug|Win32
		{1CC6FAD1-C3B2-47EC-8713-878FD4763E9F}.Release|x64.ActiveCfg = Release|x64
		{1CC6FAD1-C3B2-47EC-8713-878FD4763E9F}.Release|x64.Build.0 = Release|x64
		{1CC6FAD1-C3B2-47EC-8713-878FD4763E9F}.Release|x86.ActiveCfg = Release|Win32
		{1CC6FAD1-C3B2-47EC-8713-878FD4763E9F}.Release|x86.Build.0 = Release|Win32
		{8AA902FB-080A-4671-B731-760DB730DB5C}.Debug|x64.ActiveCfg = Debug|x64
		{8AA902FB-080A-4671-B731-760DB730DB5C}.Debug|x64.Build.0 = Debug|x64
		{8AA902FB-080A-4671-B731-760DB730DB5C}.Debug|x86.ActiveCfg = Debug|Win32
		{8AA902FB-080A-4671-B731-760DB730DB5C}.Debug|x86.Build.0 = Debug|Win32
		{8AA902FB-080A-4671-B731-760DB730DB5C}.Release|x64.ActiveCfg = Release|x64
		{8AA902FB-080A-4671-B731-760DB730DB5C}.Release|x64.Build.0 = Release|x64
		{8AA902FB-080A-4671-B731-760DB730DB5C}.Release|x86.ActiveCfg = Release|Win32
		{8AA902FB-080A-4671-B731-760DB730DB5C}.Release|x86.Build.0 = Release|Win32
		{ECB64B74-BE17-4A4E-92F4-F87E9088D45C}.Debug|x64.ActiveCfg = Debug|x64
		{ECB64B74-BE17-4A4E-92F4-F87E9088D45C}.Debug|x64.Build.0 = Debug|x64
		{ECB64B74-BE17-4A4E-92F4-F87E9088D45C}.Debug|x86.ActiveCfg = Debug|Win32
		{ECB64B74-BE17-4A4E-92F4-F87E9088D45C}.Debug|x86.Build.0 = Debug|Win32
		{ECB64B74-BE17-4A4E-92F4-F87E9088D45C}.Release|x64.ActiveCfg = Release|x64
		{ECB64B74-BE17-4A4E-92F4-F87E9088D45C}.Release|x64.Build.0 = Release|x64
		{ECB64B74-BE17-4A4E-92F4-F87E9088D45C}.Release|x86.ActiveCfg = Release|Win32
		{ECB64B74-BE17-4A4E-92F4-F87E9088D45C}.Release|x86.Build.0 = Release|Win32
		{94CFBBAA-C5CC-4154-B2D3-49FDC0794D3D}.Debug|x64.ActiveCfg = Debug|x64
		{94CFBBAA-C5CC-4154-B2D3-49FDC0794D3D}.Debug|x64.Build.0 = Debug|x64
		{94CFBBAA-C5CC-4154-B2D3-49FDC0794D3D}.Debug|x86.ActiveCfg = Debug|Win32
		{94CFBBAA-C5CC-4154-B2D3-49FDC0794D3D}.Debug|x86.Build.0 = Debug|Win32
		{94CFBBAA-C5CC-4154-B2D3-49FDC0794D3D}.Release|x64.ActiveCfg = Release|x64
		{94CFBBAA-C5CC-4154-B2D3-49FDC0794D3D}.Release|x64.Build.0 = Release|x64
		{94CFBBAA-C5CC-4154-B2D3-49FDC0794D3D}.Release|x86.ActiveCfg = Release|Win32
		{94CFBBAA-C5CC-4154-B2D3-49FDC0794D3D}.Release|x86.Build.0 = Release|Win32
		{56C1933C-5660-4E2B-AC8E-A9D395987973}.Debug|x64.ActiveCfg = Debug|x64
		{56C1933C-5660-4E2B-AC8E-A9D395987973}.Debug|x64.Build.0 = Debug|x64
		{56C1933C-5660-4E2B-AC8E-A9D395987973}.Debug|x86.ActiveCfg = Debug|Win32
		{56C1933C-5660-4E2B-AC8E-A9D395987973}.Debug|x86.Build.0 = Debug|Win32
		{56C1933C-5660-4E2B-AC8E-A9D395987973}.Release|x64.ActiveCfg = Release|x64
		{56C1933C-5660-4E2B-AC8E-A9D395987973}.Release|x64.Build.0 = Release|x64
		{56C1933C-5660-4E2B-AC8E-A9D395987973}.Release|x86.ActiveCfg = Release|Win32
		{56C1933C-5660-4E2B-AC8E-A9D395987973}.Release|x86.Build.0 = Release|Win32
	EndGlobalSection
	GlobalSection(SolutionProperties) = preSolution
		HideSolutionNode = FALSE
	EndGlobalSection
	GlobalSection(ExtensibilityGlobals) = postSolution
		SolutionGuid = {79FCC199-052B-4172-B74E-8651624525C2}
	EndGlobalSection
EndGlobal
