
Microsoft Visual Studio Solution File, Format Version 12.00
# Visual Studio Version 16
VisualStudioVersion = 16.0.30611.23
MinimumVisualStudioVersion = 10.0.40219.1
Project("{8BC9CEB8-8B4A-11D0-8D11-00A0C91BC942}") = "P01", "P01\P01.vcxproj", "{5CF55FBB-EC2D-432B-83A4-DE2BE95F99BF}"
EndProject
Project("{8BC9CEB8-8B4A-11D0-8D11-00A0C91BC942}") = "P02", "P02\P02.vcxproj", "{BD590C3B-01BA-4945-A71C-63D020C009D1}"
EndProject
Project("{8BC9CEB8-8B4A-11D0-8D11-00A0C91BC942}") = "P03", "P03\P03.vcxproj", "{992D08A5-F334-408E-B43C-AE583C120EE6}"
EndProject
Global
	GlobalSection(SolutionConfigurationPlatforms) = preSolution
		Debug|x64 = Debug|x64
		Debug|x86 = Debug|x86
		Release|x64 = Release|x64
		Release|x86 = Release|x86
	EndGlobalSection
	GlobalSection(ProjectConfigurationPlatforms) = postSolution
		{5CF55FBB-EC2D-432B-83A4-DE2BE95F99BF}.Debug|x64.ActiveCfg = Debug|x64
		{5CF55FBB-EC2D-432B-83A4-DE2BE95F99BF}.Debug|x64.Build.0 = Debug|x64
		{5CF55FBB-EC2D-432B-83A4-DE2BE95F99BF}.Debug|x86.ActiveCfg = Debug|Win32
		{5CF55FBB-EC2D-432B-83A4-DE2BE95F99BF}.Debug|x86.Build.0 = Debug|Win32
		{5CF55FBB-EC2D-432B-83A4-DE2BE95F99BF}.Release|x64.ActiveCfg = Release|x64
		{5CF55FBB-EC2D-432B-83A4-DE2BE95F99BF}.Release|x64.Build.0 = Release|x64
		{5CF55FBB-EC2D-432B-83A4-DE2BE95F99BF}.Release|x86.ActiveCfg = Release|Win32
		{5CF55FBB-EC2D-432B-83A4-DE2BE95F99BF}.Release|x86.Build.0 = Release|Win32
		{BD590C3B-01BA-4945-A71C-63D020C009D1}.Debug|x64.ActiveCfg = Debug|x64
		{BD590C3B-01BA-4945-A71C-63D020C009D1}.Debug|x64.Build.0 = Debug|x64
		{BD590C3B-01BA-4945-A71C-63D020C009D1}.Debug|x86.ActiveCfg = Debug|Win32
		{BD590C3B-01BA-4945-A71C-63D020C009D1}.Debug|x86.Build.0 = Debug|Win32
		{BD590C3B-01BA-4945-A71C-63D020C009D1}.Release|x64.ActiveCfg = Release|x64
		{BD590C3B-01BA-4945-A71C-63D020C009D1}.Release|x64.Build.0 = Release|x64
		{BD590C3B-01BA-4945-A71C-63D020C009D1}.Release|x86.ActiveCfg = Release|Win32
		{BD590C3B-01BA-4945-A71C-63D020C009D1}.Release|x86.Build.0 = Release|Win32
		{992D08A5-F334-408E-B43C-AE583C120EE6}.Debug|x64.ActiveCfg = Debug|x64
		{992D08A5-F334-408E-B43C-AE583C120EE6}.Debug|x64.Build.0 = Debug|x64
		{992D08A5-F334-408E-B43C-AE583C120EE6}.Debug|x86.ActiveCfg = Debug|Win32
		{992D08A5-F334-408E-B43C-AE583C120EE6}.Debug|x86.Build.0 = Debug|Win32
		{992D08A5-F334-408E-B43C-AE583C120EE6}.Release|x64.ActiveCfg = Release|x64
		{992D08A5-F334-408E-B43C-AE583C120EE6}.Release|x64.Build.0 = Release|x64
		{992D08A5-F334-408E-B43C-AE583C120EE6}.Release|x86.ActiveCfg = Release|Win32
		{992D08A5-F334-408E-B43C-AE583C120EE6}.Release|x86.Build.0 = Release|Win32
	EndGlobalSection
	GlobalSection(SolutionProperties) = preSolution
		HideSolutionNode = FALSE
	EndGlobalSection
	GlobalSection(ExtensibilityGlobals) = postSolution
		SolutionGuid = {54B8DCB8-595B-48D5-831C-59845F9DBB62}
	EndGlobalSection
EndGlobal
