
Microsoft Visual Studio Solution File, Format Version 12.00
# Visual Studio Version 16
VisualStudioVersion = 16.0.30621.155
MinimumVisualStudioVersion = 10.0.40219.1
Project("{8BC9CEB8-8B4A-11D0-8D11-00A0C91BC942}") = "P01", "P01\P01.vcxproj", "{950B3E27-C3F8-419B-BE87-C5949EB49AF8}"
EndProject
Project("{8BC9CEB8-8B4A-11D0-8D11-00A0C91BC942}") = "P02", "P02\P02.vcxproj", "{A0FEC1C9-930C-437D-A1A8-87C67A64D4F2}"
EndProject
Global
	GlobalSection(SolutionConfigurationPlatforms) = preSolution
		Debug|x64 = Debug|x64
		Debug|x86 = Debug|x86
		Release|x64 = Release|x64
		Release|x86 = Release|x86
	EndGlobalSection
	GlobalSection(ProjectConfigurationPlatforms) = postSolution
		{950B3E27-C3F8-419B-BE87-C5949EB49AF8}.Debug|x64.ActiveCfg = Debug|x64
		{950B3E27-C3F8-419B-BE87-C5949EB49AF8}.Debug|x64.Build.0 = Debug|x64
		{950B3E27-C3F8-419B-BE87-C5949EB49AF8}.Debug|x86.ActiveCfg = Debug|Win32
		{950B3E27-C3F8-419B-BE87-C5949EB49AF8}.Debug|x86.Build.0 = Debug|Win32
		{950B3E27-C3F8-419B-BE87-C5949EB49AF8}.Release|x64.ActiveCfg = Release|x64
		{950B3E27-C3F8-419B-BE87-C5949EB49AF8}.Release|x64.Build.0 = Release|x64
		{950B3E27-C3F8-419B-BE87-C5949EB49AF8}.Release|x86.ActiveCfg = Release|Win32
		{950B3E27-C3F8-419B-BE87-C5949EB49AF8}.Release|x86.Build.0 = Release|Win32
		{A0FEC1C9-930C-437D-A1A8-87C67A64D4F2}.Debug|x64.ActiveCfg = Debug|x64
		{A0FEC1C9-930C-437D-A1A8-87C67A64D4F2}.Debug|x64.Build.0 = Debug|x64
		{A0FEC1C9-930C-437D-A1A8-87C67A64D4F2}.Debug|x86.ActiveCfg = Debug|Win32
		{A0FEC1C9-930C-437D-A1A8-87C67A64D4F2}.Debug|x86.Build.0 = Debug|Win32
		{A0FEC1C9-930C-437D-A1A8-87C67A64D4F2}.Release|x64.ActiveCfg = Release|x64
		{A0FEC1C9-930C-437D-A1A8-87C67A64D4F2}.Release|x64.Build.0 = Release|x64
		{A0FEC1C9-930C-437D-A1A8-87C67A64D4F2}.Release|x86.ActiveCfg = Release|Win32
		{A0FEC1C9-930C-437D-A1A8-87C67A64D4F2}.Release|x86.Build.0 = Release|Win32
	EndGlobalSection
	GlobalSection(SolutionProperties) = preSolution
		HideSolutionNode = FALSE
	EndGlobalSection
	GlobalSection(ExtensibilityGlobals) = postSolution
		SolutionGuid = {A17EF9E3-2984-45CF-9832-27A065DBAC0D}
	EndGlobalSection
EndGlobal
